{
  "name": "euboia-viewer",
  "version": "1.0.0",
  "lockfileVersion": 1,
  "requires": true,
  "dependencies": {
    "@babel/runtime": {
      "version": "7.1.2",
      "resolved": "https://registry.npmjs.org/@babel/runtime/-/runtime-7.1.2.tgz",
      "integrity": "sha512-Y3SCjmhSupzFB6wcv1KmmFucH6gDVnI30WjOcicV10ju0cZjak3Jcs67YLIXBrmZYw1xCrVeJPbycFwrqNyxpg==",
      "requires": {
        "regenerator-runtime": "^0.12.0"
      }
    },
    "@riophae/vue-treeselect": {
      "version": "0.0.37",
      "resolved": "https://registry.npmjs.org/@riophae/vue-treeselect/-/vue-treeselect-0.0.37.tgz",
      "integrity": "sha512-k/NVM2whRI7f7hx8y2VM/7xWcA/aX9wzIoSb/N2sVarKL9+eJFzzUgL88S8j2Yj92Do0krqjvscprm1+AaZZrw==",
      "requires": {
        "@babel/runtime": "^7.0.0",
        "babel-helper-vue-jsx-merge-props": "^2.0.3",
        "easings-css": "^1.0.0",
        "fuzzysearch": "^1.0.3",
        "google-material-color": "^1.3.1",
        "is-promise": "^2.1.0",
        "lodash": "^4.0.0",
        "watch-size": "^2.0.0"
      }
    },
    "babel-helper-vue-jsx-merge-props": {
      "version": "2.0.3",
      "resolved": "https://registry.npmjs.org/babel-helper-vue-jsx-merge-props/-/babel-helper-vue-jsx-merge-props-2.0.3.tgz",
      "integrity": "sha512-gsLiKK7Qrb7zYJNgiXKpXblxbV5ffSwR0f5whkPAaBAR4fhi6bwRZxX9wBlIc5M/v8CCkXUbXZL4N/nSE97cqg=="
    },
    "cesium": {
      "version": "1.50.0",
      "resolved": "https://registry.npmjs.org/cesium/-/cesium-1.50.0.tgz",
      "integrity": "sha512-x0PM2/rssASFOH8lTFec8r07iBAyh3m7wrEbY0q5Ocw2L8hhimyWSfymh+raqeBPPZ3BLa4z7V76beOwZXuQ9Q==",
      "requires": {
        "requirejs": "^2.3.2"
      }
    },
    "chroma-js": {
      "version": "1.4.0",
      "resolved": "https://registry.npmjs.org/chroma-js/-/chroma-js-1.4.0.tgz",
      "integrity": "sha512-5vBYGJkhSnK2SRZ0XkxwTL+TSRyP7PHIxjeg+1uce5qpNDRLLwAXcF12kIztas/BYakWPQhchzV4TKkiwKNd8Q=="
    },
    "easings-css": {
      "version": "1.0.0",
      "resolved": "https://registry.npmjs.org/easings-css/-/easings-css-1.0.0.tgz",
      "integrity": "sha512-7Uq7NdazNfVtr0RNmPAys8it0zKCuaqxJStYKEl72D3j4gbvXhhaM7iWNbqhA4C94ygCye6VuyhzBRQC4szeBg=="
    },
    "fuzzysearch": {
      "version": "1.0.3",
      "resolved": "https://registry.npmjs.org/fuzzysearch/-/fuzzysearch-1.0.3.tgz",
      "integrity": "sha1-3/yA9tawQiPyImqnndGUIxCW0Ag="
    },
    "google-material-color": {
      "version": "1.3.1",
      "resolved": "https://registry.npmjs.org/google-material-color/-/google-material-color-1.3.1.tgz",
      "integrity": "sha1-mAgtTthq9DuzqxHEmoHrmcrKEFY=",
      "requires": {
        "lodash": "^2.4.1"
      },
      "dependencies": {
        "lodash": {
          "version": "2.4.2",
          "resolved": "http://registry.npmjs.org/lodash/-/lodash-2.4.2.tgz",
          "integrity": "sha1-+t2DS5aDBz2hebPq5tnA0VBT9z4="
        }
      }
    },
    "is-promise": {
      "version": "2.1.0",
      "resolved": "https://registry.npmjs.org/is-promise/-/is-promise-2.1.0.tgz",
      "integrity": "sha1-eaKp7OfwlugPNtKy87wWwf9L8/o="
    },
    "liquor-tree": {
      "version": "0.2.40",
      "resolved": "https://registry.npmjs.org/liquor-tree/-/liquor-tree-0.2.40.tgz",
      "integrity": "sha512-M4DeW88Sbe7Y5kHGl+ABFmgEXRpVu4pzCRC1BC/+ry9co/eYr1aCJYFe3OQ4vbykCV63FY7apsdXZobvxLlKXw=="
    },
    "lodash": {
      "version": "4.17.11",
      "resolved": "https://registry.npmjs.org/lodash/-/lodash-4.17.11.tgz",
      "integrity": "sha512-cQKh8igo5QUhZ7lg38DYWAxMvjSAKG0A8wGSVimP07SIUEK2UO+arSRKbRZWtelMtN5V0Hkwh5ryOto/SshYIg=="
    },
    "regenerator-runtime": {
      "version": "0.12.1",
      "resolved": "https://registry.npmjs.org/regenerator-runtime/-/regenerator-runtime-0.12.1.tgz",
      "integrity": "sha512-odxIc1/vDlo4iZcfXqRYFj0vpXFNoGdKMAUieAlFYO6m/nl5e9KR/beGf41z4a1FI+aQgtjhuaSlDxQ0hmkrHg=="
    },
    "requirejs": {
      "version": "2.3.6",
      "resolved": "https://registry.npmjs.org/requirejs/-/requirejs-2.3.6.tgz",
      "integrity": "sha512-ipEzlWQe6RK3jkzikgCupiTbTvm4S0/CAU5GlgptkN5SO6F3u0UD0K18wy6ErDqiCyP4J4YYe1HuAShvsxePLg=="
    },
    "vue": {
      "version": "2.5.17",
      "resolved": "https://registry.npmjs.org/vue/-/vue-2.5.17.tgz",
      "integrity": "sha512-mFbcWoDIJi0w0Za4emyLiW72Jae0yjANHbCVquMKijcavBGypqlF7zHRgMa5k4sesdv7hv2rB4JPdZfR+TPfhQ=="
    },
    "vue-slider-component": {
      "version": "2.8.0",
      "resolved": "https://registry.npmjs.org/vue-slider-component/-/vue-slider-component-2.8.0.tgz",
      "integrity": "sha512-EO/ZUSh8x68nPIOW4M1bfUvjY85F/QOKA5uDun+QPg8fcfRFiBKrrRE5LNNVLi4wfRvkgQb5EUwX6GXGlsjLkA=="
    },
    "vuebar": {
      "version": "0.0.20",
      "resolved": "https://registry.npmjs.org/vuebar/-/vuebar-0.0.20.tgz",
      "integrity": "sha512-Pq72X10Yl5QyQPcX4hR8KdhA2o+qpqzOdwkoIHUnAJfXWLODBKJhUPAnWvKvBcgst0HuHASLDrcFBSQz98gd9g=="
    },
    "watch-size": {
      "version": "2.0.0",
      "resolved": "https://registry.npmjs.org/watch-size/-/watch-size-2.0.0.tgz",
      "integrity": "sha512-M92R89dNoTPWyCD+HuUEDdhaDnh9jxPGOwlDc0u51jAgmjUvzqaEMynXSr3BaWs+QdHYk4KzibPy1TFtjLmOZQ=="
    }
  }
}
